
Microsoft Visual Studio Solution File, Format Version 12.00
# Visual Studio Version 17
VisualStudioVersion = 17.2.32602.215
MinimumVisualStudioVersion = 10.0.40219.1
Project("{FAE04EC0-301F-11D3-BF4B-00C04F79EFBC}") = "Fast-Google-Scrape", "Fast-Google-Scrape\Fast-Google-Scrape.csproj", "{CCBE9B64-83E2-493F-9966-1292E9B6A9C2}"
EndProject
Global
	GlobalSection(SolutionConfigurationPlatforms) = preSolution
		Debug|Any CPU = Debug|Any CPU
		Release|Any CPU = Release|Any CPU
	EndGlobalSection
	GlobalSection(ProjectConfigurationPlatforms) = postSolution
		{CCBE9B64-83E2-493F-9966-1292E9B6A9C2}.Debug|Any CPU.ActiveCfg = Debug|Any CPU
		{CCBE9B64-83E2-493F-9966-1292E9B6A9C2}.Debug|Any CPU.Build.0 = Debug|Any CPU
		{CCBE9B64-83E2-493F-9966-1292E9B6A9C2}.Release|Any CPU.ActiveCfg = Release|Any CPU
		{CCBE9B64-83E2-493F-9966-1292E9B6A9C2}.Release|Any CPU.Build.0 = Release|Any CPU
	EndGlobalSection
	GlobalSection(SolutionProperties) = preSolution
		HideSolutionNode = FALSE
	EndGlobalSection
	GlobalSection(ExtensibilityGlobals) = postSolution
		SolutionGuid = {F44CF641-7088-48F4-9E08-F88ACE7C1384}
	EndGlobalSection
EndGlobal
